{
  "name": "@apollosolutions/add-federated-types",
  "version": "1.0.0",
  "lockfileVersion": 2,
  "requires": true,
  "packages": {
    "": {
      "name": "@apollosolutions/add-federated-types",
      "version": "1.0.0",
      "license": "MIT",
      "dependencies": {
        "@graphql-tools/merge": "^8.2.7",
        "@graphql-tools/utils": "^8.6.6",
        "clipanion": "^3.2.0-rc.10",
        "graphql": "^16.3.0"
      },
      "bin": {
        "add-federated-types": "bin/index.js"
      }
    },
    "node_modules/@graphql-tools/merge": {
      "version": "8.2.7",
      "resolved": "https://registry.npmjs.org/@graphql-tools/merge/-/merge-8.2.7.tgz",
      "integrity": "sha512-rKxjNogqu1UYAG/y5FOb6lJsmSQbWA+jq4inWjNEVX54VGGE7/WGnmPaqcsyomNOfS3vIRS6NnG+DxiQSqetjg==",
      "dependencies": {
        "@graphql-tools/utils": "8.6.6",
        "tslib": "~2.3.0"
      },
      "peerDependencies": {
        "graphql": "^14.0.0 || ^15.0.0 || ^16.0.0"
      }
    },
    "node_modules/@graphql-tools/utils": {
      "version": "8.6.6",
      "resolved": "https://registry.npmjs.org/@graphql-tools/utils/-/utils-8.6.6.tgz",
      "integrity": "sha512-wjY2ljKLCnnbRrDNPPgPNqCujou0LFSOWcxAjV6DYUlfFWTsAEvlYmsmY4T+K12wI/fnqoJ2bUwIlap1plFDMg==",
      "dependencies": {
        "tslib": "~2.3.0"
      },
      "peerDependencies": {
        "graphql": "^14.0.0 || ^15.0.0 || ^16.0.0"
      }
    },
    "node_modules/clipanion": {
      "version": "3.2.0-rc.10",
      "resolved": "https://registry.npmjs.org/clipanion/-/clipanion-3.2.0-rc.10.tgz",
      "integrity": "sha512-OrDP3/bLGxf2BSGarzvqm4PrH5Pii7YoLNt/FnuJWJcnL735m2UOWEV2dCNcJ5QBgmoZF7X7vU7hetALmIqs4Q==",
      "dependencies": {
        "typanion": "^3.3.1"
      },
      "peerDependencies": {
        "typanion": "*"
      }
    },
    "node_modules/graphql": {
      "version": "16.3.0",
      "resolved": "https://registry.npmjs.org/graphql/-/graphql-16.3.0.tgz",
      "integrity": "sha512-xm+ANmA16BzCT5pLjuXySbQVFwH3oJctUVdy81w1sV0vBU0KgDdBGtxQOUd5zqOBk/JayAFeG8Dlmeq74rjm/A==",
      "engines": {
        "node": "^12.22.0 || ^14.16.0 || >=16.0.0"
      }
    },
    "node_modules/tslib": {
      "version": "2.3.1",
      "resolved": "https://registry.npmjs.org/tslib/-/tslib-2.3.1.tgz",
      "integrity": "sha512-77EbyPPpMz+FRFRuAFlWMtmgUWGe9UOG2Z25NqCwiIjRhOf5iKGuzSe5P2w1laq+FkRy4p+PCuVkJSGkzTEKVw=="
    },
    "node_modules/typanion": {
      "version": "3.7.1",
      "resolved": "https://registry.npmjs.org/typanion/-/typanion-3.7.1.tgz",
      "integrity": "sha512-g2QDI/ZLpuEor9EnJ1b7s9S2QSJgNCPBw9ZCSkQdqXNjg5ZQs4mASgW/elVifSxISFwBeMaIAmMBP5luAOIKAw=="
    }
  },
  "dependencies": {
    "@graphql-tools/merge": {
      "version": "8.2.7",
      "resolved": "https://registry.npmjs.org/@graphql-tools/merge/-/merge-8.2.7.tgz",
      "integrity": "sha512-rKxjNogqu1UYAG/y5FOb6lJsmSQbWA+jq4inWjNEVX54VGGE7/WGnmPaqcsyomNOfS3vIRS6NnG+DxiQSqetjg==",
      "requires": {
        "@graphql-tools/utils": "8.6.6",
        "tslib": "~2.3.0"
      }
    },
    "@graphql-tools/utils": {
      "version": "8.6.6",
      "resolved": "https://registry.npmjs.org/@graphql-tools/utils/-/utils-8.6.6.tgz",
      "integrity": "sha512-wjY2ljKLCnnbRrDNPPgPNqCujou0LFSOWcxAjV6DYUlfFWTsAEvlYmsmY4T+K12wI/fnqoJ2bUwIlap1plFDMg==",
      "requires": {
        "tslib": "~2.3.0"
      }
    },
    "clipanion": {
      "version": "3.2.0-rc.10",
      "resolved": "https://registry.npmjs.org/clipanion/-/clipanion-3.2.0-rc.10.tgz",
      "integrity": "sha512-OrDP3/bLGxf2BSGarzvqm4PrH5Pii7YoLNt/FnuJWJcnL735m2UOWEV2dCNcJ5QBgmoZF7X7vU7hetALmIqs4Q==",
      "requires": {
        "typanion": "^3.3.1"
      }
    },
    "graphql": {
      "version": "16.3.0",
      "resolved": "https://registry.npmjs.org/graphql/-/graphql-16.3.0.tgz",
      "integrity": "sha512-xm+ANmA16BzCT5pLjuXySbQVFwH3oJctUVdy81w1sV0vBU0KgDdBGtxQOUd5zqOBk/JayAFeG8Dlmeq74rjm/A=="
    },
    "tslib": {
      "version": "2.3.1",
      "resolved": "https://registry.npmjs.org/tslib/-/tslib-2.3.1.tgz",
      "integrity": "sha512-77EbyPPpMz+FRFRuAFlWMtmgUWGe9UOG2Z25NqCwiIjRhOf5iKGuzSe5P2w1laq+FkRy4p+PCuVkJSGkzTEKVw=="
    },
    "typanion": {
      "version": "3.7.1",
      "resolved": "https://registry.npmjs.org/typanion/-/typanion-3.7.1.tgz",
      "integrity": "sha512-g2QDI/ZLpuEor9EnJ1b7s9S2QSJgNCPBw9ZCSkQdqXNjg5ZQs4mASgW/elVifSxISFwBeMaIAmMBP5luAOIKAw=="
    }
  }
}
